
Microsoft Visual Studio Solution File, Format Version 12.00
Project("{FAE04EC0-301F-11D3-BF4B-00C04F79EFBC}") = "Advent2015", "Advent2015\Advent2015.csproj", "{34E45A45-F223-4983-8904-28FA0ECA5EAE}"
EndProject
Project("{FAE04EC0-301F-11D3-BF4B-00C04F79EFBC}") = "FileManager", "FileManager\FileManager.csproj", "{3ACBE423-C703-4A42-A529-423BF857B69C}"
EndProject
Project("{FAE04EC0-301F-11D3-BF4B-00C04F79EFBC}") = "AdventWPF", "AdventWPF\AdventWPF.csproj", "{9BA09BAE-1FE0-45F0-B12E-CEE1267F71BC}"
EndProject
Project("{FAE04EC0-301F-11D3-BF4B-00C04F79EFBC}") = "Advent2024", "Advent2024\Advent2024.csproj", "{54089A43-76AF-416A-8031-EE6A57EAD51D}"
EndProject
Global
	GlobalSection(SolutionConfigurationPlatforms) = preSolution
		Debug|Any CPU = Debug|Any CPU
		Release|Any CPU = Release|Any CPU
	EndGlobalSection
	GlobalSection(ProjectConfigurationPlatforms) = postSolution
		{34E45A45-F223-4983-8904-28FA0ECA5EAE}.Debug|Any CPU.ActiveCfg = Debug|Any CPU
		{34E45A45-F223-4983-8904-28FA0ECA5EAE}.Debug|Any CPU.Build.0 = Debug|Any CPU
		{34E45A45-F223-4983-8904-28FA0ECA5EAE}.Release|Any CPU.ActiveCfg = Release|Any CPU
		{34E45A45-F223-4983-8904-28FA0ECA5EAE}.Release|Any CPU.Build.0 = Release|Any CPU
		{3ACBE423-C703-4A42-A529-423BF857B69C}.Debug|Any CPU.ActiveCfg = Debug|Any CPU
		{3ACBE423-C703-4A42-A529-423BF857B69C}.Debug|Any CPU.Build.0 = Debug|Any CPU
		{3ACBE423-C703-4A42-A529-423BF857B69C}.Release|Any CPU.ActiveCfg = Release|Any CPU
		{3ACBE423-C703-4A42-A529-423BF857B69C}.Release|Any CPU.Build.0 = Release|Any CPU
		{9BA09BAE-1FE0-45F0-B12E-CEE1267F71BC}.Debug|Any CPU.ActiveCfg = Debug|Any CPU
		{9BA09BAE-1FE0-45F0-B12E-CEE1267F71BC}.Debug|Any CPU.Build.0 = Debug|Any CPU
		{9BA09BAE-1FE0-45F0-B12E-CEE1267F71BC}.Release|Any CPU.ActiveCfg = Release|Any CPU
		{9BA09BAE-1FE0-45F0-B12E-CEE1267F71BC}.Release|Any CPU.Build.0 = Release|Any CPU
		{54089A43-76AF-416A-8031-EE6A57EAD51D}.Debug|Any CPU.ActiveCfg = Debug|Any CPU
		{54089A43-76AF-416A-8031-EE6A57EAD51D}.Debug|Any CPU.Build.0 = Debug|Any CPU
		{54089A43-76AF-416A-8031-EE6A57EAD51D}.Release|Any CPU.ActiveCfg = Release|Any CPU
		{54089A43-76AF-416A-8031-EE6A57EAD51D}.Release|Any CPU.Build.0 = Release|Any CPU
	EndGlobalSection
EndGlobal
